
Microsoft Visual Studio Solution File, Format Version 12.00
# Visual Studio Version 16
VisualStudioVersion = 16.0.30804.86
MinimumVisualStudioVersion = 10.0.40219.1
Project("{FAE04EC0-301F-11D3-BF4B-00C04F79EFBC}") = "SystemDesign", "SystemDesign\SystemDesign.csproj", "{2CEA0703-5CA2-47D7-B6DF-EF52A7DF8B28}"
EndProject
Global
	GlobalSection(SolutionConfigurationPlatforms) = preSolution
		Debug|Any CPU = Debug|Any CPU
		Release|Any CPU = Release|Any CPU
	EndGlobalSection
	GlobalSection(ProjectConfigurationPlatforms) = postSolution
		{2CEA0703-5CA2-47D7-B6DF-EF52A7DF8B28}.Debug|Any CPU.ActiveCfg = Debug|Any CPU
		{2CEA0703-5CA2-47D7-B6DF-EF52A7DF8B28}.Debug|Any CPU.Build.0 = Debug|Any CPU
		{2CEA0703-5CA2-47D7-B6DF-EF52A7DF8B28}.Release|Any CPU.ActiveCfg = Release|Any CPU
		{2CEA0703-5CA2-47D7-B6DF-EF52A7DF8B28}.Release|Any CPU.Build.0 = Release|Any CPU
	EndGlobalSection
	GlobalSection(SolutionProperties) = preSolution
		HideSolutionNode = FALSE
	EndGlobalSection
	GlobalSection(ExtensibilityGlobals) = postSolution
		SolutionGuid = {5A56334E-985B-474F-AF31-E552D7136A1A}
	EndGlobalSection
EndGlobal
